
Microsoft Visual Studio Solution File, Format Version 12.00
# Visual Studio Version 17
VisualStudioVersion = 17.9.34902.65
MinimumVisualStudioVersion = 10.0.40219.1
Project("{9A19103F-16F7-4668-BE54-9A1E7A4F7556}") = "ProjetoProdutos", "ProjetoProdutos\ProjetoProdutos.csproj", "{794A07A6-E0A0-4443-BB9F-DDC73212A037}"
EndProject
Project("{FAE04EC0-301F-11D3-BF4B-00C04F79EFBC}") = "Comex.Modelos", "Comex.Modelos\Comex.Modelos.csproj", "{C916C3B0-D687-454E-84CC-626B8A3C521F}"
EndProject
Global
	GlobalSection(SolutionConfigurationPlatforms) = preSolution
		Debug|Any CPU = Debug|Any CPU
		Release|Any CPU = Release|Any CPU
	EndGlobalSection
	GlobalSection(ProjectConfigurationPlatforms) = postSolution
		{794A07A6-E0A0-4443-BB9F-DDC73212A037}.Debug|Any CPU.ActiveCfg = Debug|Any CPU
		{794A07A6-E0A0-4443-BB9F-DDC73212A037}.Debug|Any CPU.Build.0 = Debug|Any CPU
		{794A07A6-E0A0-4443-BB9F-DDC73212A037}.Release|Any CPU.ActiveCfg = Release|Any CPU
		{794A07A6-E0A0-4443-BB9F-DDC73212A037}.Release|Any CPU.Build.0 = Release|Any CPU
		{C916C3B0-D687-454E-84CC-626B8A3C521F}.Debug|Any CPU.ActiveCfg = Debug|Any CPU
		{C916C3B0-D687-454E-84CC-626B8A3C521F}.Debug|Any CPU.Build.0 = Debug|Any CPU
		{C916C3B0-D687-454E-84CC-626B8A3C521F}.Release|Any CPU.ActiveCfg = Release|Any CPU
		{C916C3B0-D687-454E-84CC-626B8A3C521F}.Release|Any CPU.Build.0 = Release|Any CPU
	EndGlobalSection
	GlobalSection(SolutionProperties) = preSolution
		HideSolutionNode = FALSE
	EndGlobalSection
	GlobalSection(ExtensibilityGlobals) = postSolution
		SolutionGuid = {46CD3DFD-DE37-4935-A185-EA1FB3BBD36C}
	EndGlobalSection
EndGlobal
